
Microsoft Visual Studio Solution File, Format Version 12.00
# Visual Studio Version 16
VisualStudioVersion = 16.0.32901.82
MinimumVisualStudioVersion = 10.0.40219.1
Project("{FAE04EC0-301F-11D3-BF4B-00C04F79EFBC}") = "Compilation_2_Param_15", "Compilation_2_Param_15.csproj", "{1695E926-F5F4-4A96-B4CA-C4F253664788}"
EndProject
Global
	GlobalSection(SolutionConfigurationPlatforms) = preSolution
		Debug|Any CPU = Debug|Any CPU
		Release|Any CPU = Release|Any CPU
	EndGlobalSection
	GlobalSection(ProjectConfigurationPlatforms) = postSolution
		{1695E926-F5F4-4A96-B4CA-C4F253664788}.Debug|Any CPU.ActiveCfg = Debug|Any CPU
		{1695E926-F5F4-4A96-B4CA-C4F253664788}.Debug|Any CPU.Build.0 = Debug|Any CPU
		{1695E926-F5F4-4A96-B4CA-C4F253664788}.Release|Any CPU.ActiveCfg = Release|Any CPU
		{1695E926-F5F4-4A96-B4CA-C4F253664788}.Release|Any CPU.Build.0 = Release|Any CPU
	EndGlobalSection
	GlobalSection(SolutionProperties) = preSolution
		HideSolutionNode = FALSE
	EndGlobalSection
	GlobalSection(ExtensibilityGlobals) = postSolution
		SolutionGuid = {DB7E316F-E0A3-40C0-BA97-0EF3C30588B0}
	EndGlobalSection
EndGlobal
