
Microsoft Visual Studio Solution File, Format Version 12.00
# Visual Studio Version 16
VisualStudioVersion = 16.0.32901.82
MinimumVisualStudioVersion = 10.0.40219.1
Project("{FAE04EC0-301F-11D3-BF4B-00C04F79EFBC}") = "Compilation_1_Chapter_5_53", "Compilation_1_Chapter_5_53.csproj", "{763EDE74-68C5-4A6C-BDCD-5F91CFB20E78}"
EndProject
Global
	GlobalSection(SolutionConfigurationPlatforms) = preSolution
		Debug|Any CPU = Debug|Any CPU
		Release|Any CPU = Release|Any CPU
	EndGlobalSection
	GlobalSection(ProjectConfigurationPlatforms) = postSolution
		{763EDE74-68C5-4A6C-BDCD-5F91CFB20E78}.Debug|Any CPU.ActiveCfg = Debug|Any CPU
		{763EDE74-68C5-4A6C-BDCD-5F91CFB20E78}.Debug|Any CPU.Build.0 = Debug|Any CPU
		{763EDE74-68C5-4A6C-BDCD-5F91CFB20E78}.Release|Any CPU.ActiveCfg = Release|Any CPU
		{763EDE74-68C5-4A6C-BDCD-5F91CFB20E78}.Release|Any CPU.Build.0 = Release|Any CPU
	EndGlobalSection
	GlobalSection(SolutionProperties) = preSolution
		HideSolutionNode = FALSE
	EndGlobalSection
	GlobalSection(ExtensibilityGlobals) = postSolution
		SolutionGuid = {F7493441-3168-4615-8D8C-E6B9D0D98582}
	EndGlobalSection
EndGlobal
