
Microsoft Visual Studio Solution File, Format Version 12.00
# Visual Studio Version 16
VisualStudioVersion = 16.0.32901.82
MinimumVisualStudioVersion = 10.0.40219.1
Project("{FAE04EC0-301F-11D3-BF4B-00C04F79EFBC}") = "Compilation_2_If_15", "Compilation_2_If_15.csproj", "{0CFDD65E-2F1D-4A43-ABE4-77303DC70F24}"
EndProject
Global
	GlobalSection(SolutionConfigurationPlatforms) = preSolution
		Debug|Any CPU = Debug|Any CPU
		Release|Any CPU = Release|Any CPU
	EndGlobalSection
	GlobalSection(ProjectConfigurationPlatforms) = postSolution
		{0CFDD65E-2F1D-4A43-ABE4-77303DC70F24}.Debug|Any CPU.ActiveCfg = Debug|Any CPU
		{0CFDD65E-2F1D-4A43-ABE4-77303DC70F24}.Debug|Any CPU.Build.0 = Debug|Any CPU
		{0CFDD65E-2F1D-4A43-ABE4-77303DC70F24}.Release|Any CPU.ActiveCfg = Release|Any CPU
		{0CFDD65E-2F1D-4A43-ABE4-77303DC70F24}.Release|Any CPU.Build.0 = Release|Any CPU
	EndGlobalSection
	GlobalSection(SolutionProperties) = preSolution
		HideSolutionNode = FALSE
	EndGlobalSection
	GlobalSection(ExtensibilityGlobals) = postSolution
		SolutionGuid = {9CCFF7DE-2664-41F4-981E-205BBAB060C6}
	EndGlobalSection
EndGlobal
