
Microsoft Visual Studio Solution File, Format Version 12.00
# Visual Studio Version 16
VisualStudioVersion = 16.0.32901.82
MinimumVisualStudioVersion = 10.0.40219.1
Project("{FAE04EC0-301F-11D3-BF4B-00C04F79EFBC}") = "Compilation_2_Recur_1", "Compilation_2_Recur_1.csproj", "{5ED2C23A-21ED-40E0-90AA-AF91E75C206A}"
EndProject
Global
	GlobalSection(SolutionConfigurationPlatforms) = preSolution
		Debug|Any CPU = Debug|Any CPU
		Release|Any CPU = Release|Any CPU
	EndGlobalSection
	GlobalSection(ProjectConfigurationPlatforms) = postSolution
		{5ED2C23A-21ED-40E0-90AA-AF91E75C206A}.Debug|Any CPU.ActiveCfg = Debug|Any CPU
		{5ED2C23A-21ED-40E0-90AA-AF91E75C206A}.Debug|Any CPU.Build.0 = Debug|Any CPU
		{5ED2C23A-21ED-40E0-90AA-AF91E75C206A}.Release|Any CPU.ActiveCfg = Release|Any CPU
		{5ED2C23A-21ED-40E0-90AA-AF91E75C206A}.Release|Any CPU.Build.0 = Release|Any CPU
	EndGlobalSection
	GlobalSection(SolutionProperties) = preSolution
		HideSolutionNode = FALSE
	EndGlobalSection
	GlobalSection(ExtensibilityGlobals) = postSolution
		SolutionGuid = {A2A8F3CE-1E91-4B93-9B9E-B987C0D18EDD}
	EndGlobalSection
EndGlobal
