
Microsoft Visual Studio Solution File, Format Version 12.00
# Visual Studio Version 16
VisualStudioVersion = 16.0.32901.82
MinimumVisualStudioVersion = 10.0.40219.1
Project("{FAE04EC0-301F-11D3-BF4B-00C04F79EFBC}") = "Compilation_1_Chapter_9_3", "Compilation_1_Chapter_9_3.csproj", "{0BDD467D-5F5F-469B-A403-E8FA8E590349}"
EndProject
Global
	GlobalSection(SolutionConfigurationPlatforms) = preSolution
		Debug|Any CPU = Debug|Any CPU
		Release|Any CPU = Release|Any CPU
	EndGlobalSection
	GlobalSection(ProjectConfigurationPlatforms) = postSolution
		{0BDD467D-5F5F-469B-A403-E8FA8E590349}.Debug|Any CPU.ActiveCfg = Debug|Any CPU
		{0BDD467D-5F5F-469B-A403-E8FA8E590349}.Debug|Any CPU.Build.0 = Debug|Any CPU
		{0BDD467D-5F5F-469B-A403-E8FA8E590349}.Release|Any CPU.ActiveCfg = Release|Any CPU
		{0BDD467D-5F5F-469B-A403-E8FA8E590349}.Release|Any CPU.Build.0 = Release|Any CPU
	EndGlobalSection
	GlobalSection(SolutionProperties) = preSolution
		HideSolutionNode = FALSE
	EndGlobalSection
	GlobalSection(ExtensibilityGlobals) = postSolution
		SolutionGuid = {4AE2752D-808E-444B-8064-03DCF9716759}
	EndGlobalSection
EndGlobal
