
Microsoft Visual Studio Solution File, Format Version 12.00
# Visual Studio Version 16
VisualStudioVersion = 16.0.32901.82
MinimumVisualStudioVersion = 10.0.40219.1
Project("{FAE04EC0-301F-11D3-BF4B-00C04F79EFBC}") = "Compilation_1_Chapter_10_39", "Compilation_1_Chapter_10_39.csproj", "{0CF948CD-1B3A-4862-8893-C25FCADADB3B}"
EndProject
Global
	GlobalSection(SolutionConfigurationPlatforms) = preSolution
		Debug|Any CPU = Debug|Any CPU
		Release|Any CPU = Release|Any CPU
	EndGlobalSection
	GlobalSection(ProjectConfigurationPlatforms) = postSolution
		{0CF948CD-1B3A-4862-8893-C25FCADADB3B}.Debug|Any CPU.ActiveCfg = Debug|Any CPU
		{0CF948CD-1B3A-4862-8893-C25FCADADB3B}.Debug|Any CPU.Build.0 = Debug|Any CPU
		{0CF948CD-1B3A-4862-8893-C25FCADADB3B}.Release|Any CPU.ActiveCfg = Release|Any CPU
		{0CF948CD-1B3A-4862-8893-C25FCADADB3B}.Release|Any CPU.Build.0 = Release|Any CPU
	EndGlobalSection
	GlobalSection(SolutionProperties) = preSolution
		HideSolutionNode = FALSE
	EndGlobalSection
	GlobalSection(ExtensibilityGlobals) = postSolution
		SolutionGuid = {65A556C3-684F-4DE7-B348-B5B688357401}
	EndGlobalSection
EndGlobal
