
Microsoft Visual Studio Solution File, Format Version 12.00
# Visual Studio Version 16
VisualStudioVersion = 16.0.32901.82
MinimumVisualStudioVersion = 10.0.40219.1
Project("{FAE04EC0-301F-11D3-BF4B-00C04F79EFBC}") = "Compilation_2_While_15", "Compilation_2_While_15.csproj", "{6338218D-DF37-432E-8B04-EABC98944BC2}"
EndProject
Global
	GlobalSection(SolutionConfigurationPlatforms) = preSolution
		Debug|Any CPU = Debug|Any CPU
		Release|Any CPU = Release|Any CPU
	EndGlobalSection
	GlobalSection(ProjectConfigurationPlatforms) = postSolution
		{6338218D-DF37-432E-8B04-EABC98944BC2}.Debug|Any CPU.ActiveCfg = Debug|Any CPU
		{6338218D-DF37-432E-8B04-EABC98944BC2}.Debug|Any CPU.Build.0 = Debug|Any CPU
		{6338218D-DF37-432E-8B04-EABC98944BC2}.Release|Any CPU.ActiveCfg = Release|Any CPU
		{6338218D-DF37-432E-8B04-EABC98944BC2}.Release|Any CPU.Build.0 = Release|Any CPU
	EndGlobalSection
	GlobalSection(SolutionProperties) = preSolution
		HideSolutionNode = FALSE
	EndGlobalSection
	GlobalSection(ExtensibilityGlobals) = postSolution
		SolutionGuid = {854503EC-2DA7-4F73-810E-37163B3800DD}
	EndGlobalSection
EndGlobal
