
Microsoft Visual Studio Solution File, Format Version 12.00
# Visual Studio Version 16
VisualStudioVersion = 16.0.32901.82
MinimumVisualStudioVersion = 10.0.40219.1
Project("{FAE04EC0-301F-11D3-BF4B-00C04F79EFBC}") = "Compilation_2_Proc_51", "Compilation_2_Proc_51.csproj", "{B311AE3A-81A3-424E-B484-AD6AA182FA58}"
EndProject
Global
	GlobalSection(SolutionConfigurationPlatforms) = preSolution
		Debug|Any CPU = Debug|Any CPU
		Release|Any CPU = Release|Any CPU
	EndGlobalSection
	GlobalSection(ProjectConfigurationPlatforms) = postSolution
		{B311AE3A-81A3-424E-B484-AD6AA182FA58}.Debug|Any CPU.ActiveCfg = Debug|Any CPU
		{B311AE3A-81A3-424E-B484-AD6AA182FA58}.Debug|Any CPU.Build.0 = Debug|Any CPU
		{B311AE3A-81A3-424E-B484-AD6AA182FA58}.Release|Any CPU.ActiveCfg = Release|Any CPU
		{B311AE3A-81A3-424E-B484-AD6AA182FA58}.Release|Any CPU.Build.0 = Release|Any CPU
	EndGlobalSection
	GlobalSection(SolutionProperties) = preSolution
		HideSolutionNode = FALSE
	EndGlobalSection
	GlobalSection(ExtensibilityGlobals) = postSolution
		SolutionGuid = {5F11EEA5-D404-40F9-89B6-B4D367622B1C}
	EndGlobalSection
EndGlobal
