
Microsoft Visual Studio Solution File, Format Version 12.00
# Visual Studio Version 16
VisualStudioVersion = 16.0.32901.82
MinimumVisualStudioVersion = 10.0.40219.1
Project("{FAE04EC0-301F-11D3-BF4B-00C04F79EFBC}") = "Compilation_2_Matrix_31", "Compilation_2_Matrix_31.csproj", "{70E55971-784A-4D86-A921-56C23FF7A30E}"
EndProject
Global
	GlobalSection(SolutionConfigurationPlatforms) = preSolution
		Debug|Any CPU = Debug|Any CPU
		Release|Any CPU = Release|Any CPU
	EndGlobalSection
	GlobalSection(ProjectConfigurationPlatforms) = postSolution
		{70E55971-784A-4D86-A921-56C23FF7A30E}.Debug|Any CPU.ActiveCfg = Debug|Any CPU
		{70E55971-784A-4D86-A921-56C23FF7A30E}.Debug|Any CPU.Build.0 = Debug|Any CPU
		{70E55971-784A-4D86-A921-56C23FF7A30E}.Release|Any CPU.ActiveCfg = Release|Any CPU
		{70E55971-784A-4D86-A921-56C23FF7A30E}.Release|Any CPU.Build.0 = Release|Any CPU
	EndGlobalSection
	GlobalSection(SolutionProperties) = preSolution
		HideSolutionNode = FALSE
	EndGlobalSection
	GlobalSection(ExtensibilityGlobals) = postSolution
		SolutionGuid = {C2F29B13-EC6D-4AE0-9883-8F4BEA4C8E49}
	EndGlobalSection
EndGlobal
