
Microsoft Visual Studio Solution File, Format Version 12.00
# Visual Studio Version 16
VisualStudioVersion = 16.0.32901.82
MinimumVisualStudioVersion = 10.0.40219.1
Project("{FAE04EC0-301F-11D3-BF4B-00C04F79EFBC}") = "Compilation_2_Array_32", "Compilation_2_Array_32.csproj", "{B9ED4030-BAFB-465E-ABD5-50924E3D4BB5}"
EndProject
Global
	GlobalSection(SolutionConfigurationPlatforms) = preSolution
		Debug|Any CPU = Debug|Any CPU
		Release|Any CPU = Release|Any CPU
	EndGlobalSection
	GlobalSection(ProjectConfigurationPlatforms) = postSolution
		{B9ED4030-BAFB-465E-ABD5-50924E3D4BB5}.Debug|Any CPU.ActiveCfg = Debug|Any CPU
		{B9ED4030-BAFB-465E-ABD5-50924E3D4BB5}.Debug|Any CPU.Build.0 = Debug|Any CPU
		{B9ED4030-BAFB-465E-ABD5-50924E3D4BB5}.Release|Any CPU.ActiveCfg = Release|Any CPU
		{B9ED4030-BAFB-465E-ABD5-50924E3D4BB5}.Release|Any CPU.Build.0 = Release|Any CPU
	EndGlobalSection
	GlobalSection(SolutionProperties) = preSolution
		HideSolutionNode = FALSE
	EndGlobalSection
	GlobalSection(ExtensibilityGlobals) = postSolution
		SolutionGuid = {D096B3BB-BE3F-439E-B778-07C80B0DA345}
	EndGlobalSection
EndGlobal
